
Microsoft Visual Studio Solution File, Format Version 12.00
# Visual Studio Version 16
VisualStudioVersion = 16.0.31410.357
MinimumVisualStudioVersion = 10.0.40219.1
Project("{9A19103F-16F7-4668-BE54-9A1E7A4F7556}") = "BeresBenjamin-OPM0PG-Makao", "BeresBenjamin-OPM0PG-Makao\BeresBenjamin-OPM0PG-Makao.csproj", "{B0F2B3C7-8015-41EC-B155-0F6EF757735C}"
EndProject
Global
	GlobalSection(SolutionConfigurationPlatforms) = preSolution
		Debug|Any CPU = Debug|Any CPU
		Release|Any CPU = Release|Any CPU
	EndGlobalSection
	GlobalSection(ProjectConfigurationPlatforms) = postSolution
		{B0F2B3C7-8015-41EC-B155-0F6EF757735C}.Debug|Any CPU.ActiveCfg = Debug|Any CPU
		{B0F2B3C7-8015-41EC-B155-0F6EF757735C}.Debug|Any CPU.Build.0 = Debug|Any CPU
		{B0F2B3C7-8015-41EC-B155-0F6EF757735C}.Release|Any CPU.ActiveCfg = Release|Any CPU
		{B0F2B3C7-8015-41EC-B155-0F6EF757735C}.Release|Any CPU.Build.0 = Release|Any CPU
	EndGlobalSection
	GlobalSection(SolutionProperties) = preSolution
		HideSolutionNode = FALSE
	EndGlobalSection
	GlobalSection(ExtensibilityGlobals) = postSolution
		SolutionGuid = {27D88B54-3F04-4D1C-A06E-B642D028A9B0}
	EndGlobalSection
EndGlobal
